// !$*UTF8*$!
{
	archiveVersion = 1;
	classes = {
	};
	objectVersion = 46;
	objects = {

/* Begin PBXBuildFile section */
		D30ACEDF1A2BB11F00452B92 /* Arrow.png in Resources */ = {isa = PBXBuildFile; fileRef = D30ACED51A2BB11F00452B92 /* Arrow.png */; };
		D30ACEE01A2BB11F00452B92 /* BlackCheck.png in Resources */ = {isa = PBXBuildFile; fileRef = D30ACED61A2BB11F00452B92 /* BlackCheck.png */; };
		D30ACEE11A2BB11F00452B92 /* BlackX.png in Resources */ = {isa = PBXBuildFile; fileRef = D30ACED71A2BB11F00452B92 /* BlackX.png */; };
		D30ACEE21A2BB11F00452B92 /* Map.png in Resources */ = {isa = PBXBuildFile; fileRef = D30ACED81A2BB11F00452B92 /* Map.png */; };
		D30ACEE31A2BB11F00452B92 /* MenuAbout.png in Resources */ = {isa = PBXBuildFile; fileRef = D30ACED91A2BB11F00452B92 /* MenuAbout.png */; };
		D30ACEE41A2BB11F00452B92 /* MenuHome.png in Resources */ = {isa = PBXBuildFile; fileRef = D30ACEDA1A2BB11F00452B92 /* MenuHome.png */; };
		D30ACEE51A2BB11F00452B92 /* MenuMap.png in Resources */ = {isa = PBXBuildFile; fileRef = D30ACEDB1A2BB11F00452B92 /* MenuMap.png */; };
		D30ACEE61A2BB11F00452B92 /* MenuSetting.png in Resources */ = {isa = PBXBuildFile; fileRef = D30ACEDC1A2BB11F00452B92 /* MenuSetting.png */; };
		D30ACEE71A2BB11F00452B92 /* RightArrow.png in Resources */ = {isa = PBXBuildFile; fileRef = D30ACEDD1A2BB11F00452B92 /* RightArrow.png */; };
		D30ACEE81A2BB11F00452B92 /* SearchGlass.png in Resources */ = {isa = PBXBuildFile; fileRef = D30ACEDE1A2BB11F00452B92 /* SearchGlass.png */; };
		D30ACEF51A2D577B00452B92 /* icon180.png in Resources */ = {isa = PBXBuildFile; fileRef = D30ACEF11A2D577B00452B92 /* icon180.png */; };
		D30ACEF61A2D577B00452B92 /* icon76.png in Resources */ = {isa = PBXBuildFile; fileRef = D30ACEF21A2D577B00452B92 /* icon76.png */; };
		D30ACEF71A2D577B00452B92 /* icon152.png in Resources */ = {isa = PBXBuildFile; fileRef = D30ACEF31A2D577B00452B92 /* icon152.png */; };
		D30ACEF81A2D577B00452B92 /* icon120.png in Resources */ = {isa = PBXBuildFile; fileRef = D30ACEF41A2D577B00452B92 /* icon120.png */; };
		D36056C21A34B56E00D11BF1 /* AudioToolbox.framework in Frameworks */ = {isa = PBXBuildFile; fileRef = D36056C11A34B56E00D11BF1 /* AudioToolbox.framework */; };
		D394945B19FD6D1900E32FFC /* CoreFoundation.framework in Frameworks */ = {isa = PBXBuildFile; fileRef = D394945A19FD6D1900E32FFC /* CoreFoundation.framework */; };
		D396548119F34A800059F2E7 /* AppState.m in Sources */ = {isa = PBXBuildFile; fileRef = D396548019F34A800059F2E7 /* AppState.m */; };
		D398F30319F4C447002F6340 /* MapViewController.m in Sources */ = {isa = PBXBuildFile; fileRef = D398F30219F4C447002F6340 /* MapViewController.m */; };
		D398F30519F4CB81002F6340 /* MapKit.framework in Frameworks */ = {isa = PBXBuildFile; fileRef = D398F30419F4CB81002F6340 /* MapKit.framework */; };
		D398F30919F757E3002F6340 /* ViewUtil.m in Sources */ = {isa = PBXBuildFile; fileRef = D398F30819F757E3002F6340 /* ViewUtil.m */; };
		D3A0A23D19EAD864005E3133 /* main.m in Sources */ = {isa = PBXBuildFile; fileRef = D3A0A23C19EAD864005E3133 /* main.m */; };
		D3A0A24019EAD864005E3133 /* AppDelegate.m in Sources */ = {isa = PBXBuildFile; fileRef = D3A0A23F19EAD864005E3133 /* AppDelegate.m */; };
		D3A0A24819EAD864005E3133 /* Images.xcassets in Resources */ = {isa = PBXBuildFile; fileRef = D3A0A24719EAD864005E3133 /* Images.xcassets */; };
		D3A0A24B19EAD864005E3133 /* LaunchScreen.xib in Resources */ = {isa = PBXBuildFile; fileRef = D3A0A24919EAD864005E3133 /* LaunchScreen.xib */; };
		D3A0A25719EAD864005E3133 /* CilentTests.m in Sources */ = {isa = PBXBuildFile; fileRef = D3A0A25619EAD864005E3133 /* CilentTests.m */; };
		D3A0A26219EB1EA6005E3133 /* TutorialPageViewController.m in Sources */ = {isa = PBXBuildFile; fileRef = D3A0A26119EB1EA6005E3133 /* TutorialPageViewController.m */; };
		D3A0A26619EB25BB005E3133 /* TutorialChildViewController.m in Sources */ = {isa = PBXBuildFile; fileRef = D3A0A26519EB25BB005E3133 /* TutorialChildViewController.m */; };
		D3EC26881A2D672C001ED16F /* Place.m in Sources */ = {isa = PBXBuildFile; fileRef = D3EC26871A2D672C001ED16F /* Place.m */; };
		D3F2F83A19FD6BAC00636550 /* CoreLocation.framework in Frameworks */ = {isa = PBXBuildFile; fileRef = D3F2F83919FD6BAC00636550 /* CoreLocation.framework */; };
/* End PBXBuildFile section */

/* Begin PBXContainerItemProxy section */
		D3A0A25119EAD864005E3133 /* PBXContainerItemProxy */ = {
			isa = PBXContainerItemProxy;
			containerPortal = D3A0A22F19EAD864005E3133 /* Project object */;
			proxyType = 1;
			remoteGlobalIDString = D3A0A23619EAD864005E3133;
			remoteInfo = Cilent;
		};
/* End PBXContainerItemProxy section */

/* Begin PBXFileReference section */
		D30ACED51A2BB11F00452B92 /* Arrow.png */ = {isa = PBXFileReference; lastKnownFileType = image.png; path = Arrow.png; sourceTree = "<group>"; };
		D30ACED61A2BB11F00452B92 /* BlackCheck.png */ = {isa = PBXFileReference; lastKnownFileType = image.png; path = BlackCheck.png; sourceTree = "<group>"; };
		D30ACED71A2BB11F00452B92 /* BlackX.png */ = {isa = PBXFileReference; lastKnownFileType = image.png; path = BlackX.png; sourceTree = "<group>"; };
		D30ACED81A2BB11F00452B92 /* Map.png */ = {isa = PBXFileReference; lastKnownFileType = image.png; path = Map.png; sourceTree = "<group>"; };
		D30ACED91A2BB11F00452B92 /* MenuAbout.png */ = {isa = PBXFileReference; lastKnownFileType = image.png; path = MenuAbout.png; sourceTree = "<group>"; };
		D30ACEDA1A2BB11F00452B92 /* MenuHome.png */ = {isa = PBXFileReference; lastKnownFileType = image.png; path = MenuHome.png; sourceTree = "<group>"; };
		D30ACEDB1A2BB11F00452B92 /* MenuMap.png */ = {isa = PBXFileReference; lastKnownFileType = image.png; path = MenuMap.png; sourceTree = "<group>"; };
		D30ACEDC1A2BB11F00452B92 /* MenuSetting.png */ = {isa = PBXFileReference; lastKnownFileType = image.png; path = MenuSetting.png; sourceTree = "<group>"; };
		D30ACEDD1A2BB11F00452B92 /* RightArrow.png */ = {isa = PBXFileReference; lastKnownFileType = image.png; path = RightArrow.png; sourceTree = "<group>"; };
		D30ACEDE1A2BB11F00452B92 /* SearchGlass.png */ = {isa = PBXFileReference; lastKnownFileType = image.png; path = SearchGlass.png; sourceTree = "<group>"; };
		D30ACEF11A2D577B00452B92 /* icon180.png */ = {isa = PBXFileReference; lastKnownFileType = image.png; path = icon180.png; sourceTree = "<group>"; };
		D30ACEF21A2D577B00452B92 /* icon76.png */ = {isa = PBXFileReference; lastKnownFileType = image.png; path = icon76.png; sourceTree = "<group>"; };
		D30ACEF31A2D577B00452B92 /* icon152.png */ = {isa = PBXFileReference; lastKnownFileType = image.png; path = icon152.png; sourceTree = "<group>"; };
		D30ACEF41A2D577B00452B92 /* icon120.png */ = {isa = PBXFileReference; lastKnownFileType = image.png; path = icon120.png; sourceTree = "<group>"; };
		D36056C11A34B56E00D11BF1 /* AudioToolbox.framework */ = {isa = PBXFileReference; lastKnownFileType = wrapper.framework; name = AudioToolbox.framework; path = System/Library/Frameworks/AudioToolbox.framework; sourceTree = SDKROOT; };
		D394945A19FD6D1900E32FFC /* CoreFoundation.framework */ = {isa = PBXFileReference; lastKnownFileType = wrapper.framework; name = CoreFoundation.framework; path = System/Library/Frameworks/CoreFoundation.framework; sourceTree = SDKROOT; };
		D396547F19F34A800059F2E7 /* AppState.h */ = {isa = PBXFileReference; fileEncoding = 4; lastKnownFileType = sourcecode.c.h; path = AppState.h; sourceTree = "<group>"; };
		D396548019F34A800059F2E7 /* AppState.m */ = {isa = PBXFileReference; fileEncoding = 4; lastKnownFileType = sourcecode.c.objc; path = AppState.m; sourceTree = "<group>"; };
		D398F30119F4C447002F6340 /* MapViewController.h */ = {isa = PBXFileReference; fileEncoding = 4; lastKnownFileType = sourcecode.c.h; path = MapViewController.h; sourceTree = "<group>"; };
		D398F30219F4C447002F6340 /* MapViewController.m */ = {isa = PBXFileReference; fileEncoding = 4; lastKnownFileType = sourcecode.c.objc; path = MapViewController.m; sourceTree = "<group>"; };
		D398F30419F4CB81002F6340 /* MapKit.framework */ = {isa = PBXFileReference; lastKnownFileType = wrapper.framework; name = MapKit.framework; path = System/Library/Frameworks/MapKit.framework; sourceTree = SDKROOT; };
		D398F30719F757E3002F6340 /* ViewUtil.h */ = {isa = PBXFileReference; fileEncoding = 4; lastKnownFileType = sourcecode.c.h; path = ViewUtil.h; sourceTree = "<group>"; };
		D398F30819F757E3002F6340 /* ViewUtil.m */ = {isa = PBXFileReference; fileEncoding = 4; lastKnownFileType = sourcecode.c.objc; path = ViewUtil.m; sourceTree = "<group>"; };
		D3A0A23719EAD864005E3133 /* Cilent.app */ = {isa = PBXFileReference; explicitFileType = wrapper.application; includeInIndex = 0; path = Cilent.app; sourceTree = BUILT_PRODUCTS_DIR; };
		D3A0A23B19EAD864005E3133 /* Info.plist */ = {isa = PBXFileReference; lastKnownFileType = text.plist.xml; path = Info.plist; sourceTree = "<group>"; };
		D3A0A23C19EAD864005E3133 /* main.m */ = {isa = PBXFileReference; lastKnownFileType = sourcecode.c.objc; path = main.m; sourceTree = "<group>"; };
		D3A0A23E19EAD864005E3133 /* AppDelegate.h */ = {isa = PBXFileReference; lastKnownFileType = sourcecode.c.h; path = AppDelegate.h; sourceTree = "<group>"; };
		D3A0A23F19EAD864005E3133 /* AppDelegate.m */ = {isa = PBXFileReference; lastKnownFileType = sourcecode.c.objc; path = AppDelegate.m; sourceTree = "<group>"; };
		D3A0A24719EAD864005E3133 /* Images.xcassets */ = {isa = PBXFileReference; lastKnownFileType = folder.assetcatalog; path = Images.xcassets; sourceTree = "<group>"; };
		D3A0A24A19EAD864005E3133 /* Base */ = {isa = PBXFileReference; lastKnownFileType = file.xib; name = Base; path = Base.lproj/LaunchScreen.xib; sourceTree = "<group>"; };
		D3A0A25019EAD864005E3133 /* CilentTests.xctest */ = {isa = PBXFileReference; explicitFileType = wrapper.cfbundle; includeInIndex = 0; path = CilentTests.xctest; sourceTree = BUILT_PRODUCTS_DIR; };
		D3A0A25519EAD864005E3133 /* Info.plist */ = {isa = PBXFileReference; lastKnownFileType = text.plist.xml; path = Info.plist; sourceTree = "<group>"; };
		D3A0A25619EAD864005E3133 /* CilentTests.m */ = {isa = PBXFileReference; lastKnownFileType = sourcecode.c.objc; path = CilentTests.m; sourceTree = "<group>"; };
		D3A0A26019EB1EA6005E3133 /* TutorialPageViewController.h */ = {isa = PBXFileReference; fileEncoding = 4; lastKnownFileType = sourcecode.c.h; path = TutorialPageViewController.h; sourceTree = "<group>"; };
		D3A0A26119EB1EA6005E3133 /* TutorialPageViewController.m */ = {isa = PBXFileReference; fileEncoding = 4; lastKnownFileType = sourcecode.c.objc; path = TutorialPageViewController.m; sourceTree = "<group>"; };
		D3A0A26419EB25BB005E3133 /* TutorialChildViewController.h */ = {isa = PBXFileReference; fileEncoding = 4; lastKnownFileType = sourcecode.c.h; path = TutorialChildViewController.h; sourceTree = "<group>"; };
		D3A0A26519EB25BB005E3133 /* TutorialChildViewController.m */ = {isa = PBXFileReference; fileEncoding = 4; lastKnownFileType = sourcecode.c.objc; path = TutorialChildViewController.m; sourceTree = "<group>"; };
		D3B92AC61A0FEA0300E7A775 /* MediaPlayer.framework */ = {isa = PBXFileReference; lastKnownFileType = wrapper.framework; name = MediaPlayer.framework; path = System/Library/Frameworks/MediaPlayer.framework; sourceTree = SDKROOT; };
		D3EC26861A2D672C001ED16F /* Place.h */ = {isa = PBXFileReference; fileEncoding = 4; lastKnownFileType = sourcecode.c.h; path = Place.h; sourceTree = "<group>"; };
		D3EC26871A2D672C001ED16F /* Place.m */ = {isa = PBXFileReference; fileEncoding = 4; lastKnownFileType = sourcecode.c.objc; path = Place.m; sourceTree = "<group>"; };
		D3F2F83919FD6BAC00636550 /* CoreLocation.framework */ = {isa = PBXFileReference; lastKnownFileType = wrapper.framework; name = CoreLocation.framework; path = System/Library/Frameworks/CoreLocation.framework; sourceTree = SDKROOT; };
/* End PBXFileReference section */

/* Begin PBXFrameworksBuildPhase section */
		D3A0A23419EAD864005E3133 /* Frameworks */ = {
			isa = PBXFrameworksBuildPhase;
			buildActionMask = 2147483647;
			files = (
				D36056C21A34B56E00D11BF1 /* AudioToolbox.framework in Frameworks */,
				D394945B19FD6D1900E32FFC /* CoreFoundation.framework in Frameworks */,
				D3F2F83A19FD6BAC00636550 /* CoreLocation.framework in Frameworks */,
				D398F30519F4CB81002F6340 /* MapKit.framework in Frameworks */,
			);
			runOnlyForDeploymentPostprocessing = 0;
		};
		D3A0A24D19EAD864005E3133 /* Frameworks */ = {
			isa = PBXFrameworksBuildPhase;
			buildActionMask = 2147483647;
			files = (
			);
			runOnlyForDeploymentPostprocessing = 0;
		};
/* End PBXFrameworksBuildPhase section */

/* Begin PBXGroup section */
		D30ACED41A2BB0F800452B92 /* Assets */ = {
			isa = PBXGroup;
			children = (
				D30ACEF11A2D577B00452B92 /* icon180.png */,
				D30ACEF21A2D577B00452B92 /* icon76.png */,
				D30ACEF31A2D577B00452B92 /* icon152.png */,
				D30ACEF41A2D577B00452B92 /* icon120.png */,
				D30ACED51A2BB11F00452B92 /* Arrow.png */,
				D30ACED61A2BB11F00452B92 /* BlackCheck.png */,
				D30ACED71A2BB11F00452B92 /* BlackX.png */,
				D30ACED81A2BB11F00452B92 /* Map.png */,
				D30ACED91A2BB11F00452B92 /* MenuAbout.png */,
				D30ACEDA1A2BB11F00452B92 /* MenuHome.png */,
				D30ACEDB1A2BB11F00452B92 /* MenuMap.png */,
				D30ACEDC1A2BB11F00452B92 /* MenuSetting.png */,
				D30ACEDD1A2BB11F00452B92 /* RightArrow.png */,
				D30ACEDE1A2BB11F00452B92 /* SearchGlass.png */,
			);
			name = Assets;
			sourceTree = "<group>";
		};
		D398F30019F4C0E0002F6340 /* Map */ = {
			isa = PBXGroup;
			children = (
				D398F30119F4C447002F6340 /* MapViewController.h */,
				D398F30219F4C447002F6340 /* MapViewController.m */,
			);
			name = Map;
			sourceTree = "<group>";
		};
		D398F30619F4CBA1002F6340 /* Frameworks */ = {
			isa = PBXGroup;
			children = (
				D36056C11A34B56E00D11BF1 /* AudioToolbox.framework */,
				D3B92AC61A0FEA0300E7A775 /* MediaPlayer.framework */,
				D394945A19FD6D1900E32FFC /* CoreFoundation.framework */,
				D3F2F83919FD6BAC00636550 /* CoreLocation.framework */,
				D398F30419F4CB81002F6340 /* MapKit.framework */,
			);
			name = Frameworks;
			sourceTree = "<group>";
		};
		D3A0A22E19EAD864005E3133 = {
			isa = PBXGroup;
			children = (
				D30ACED41A2BB0F800452B92 /* Assets */,
				D3A0A23919EAD864005E3133 /* Cilent */,
				D3A0A25319EAD864005E3133 /* CilentTests */,
				D398F30619F4CBA1002F6340 /* Frameworks */,
				D3A0A23819EAD864005E3133 /* Products */,
				D3A0A25419EAD864005E3133 /* Supporting Files */,
			);
			sourceTree = "<group>";
		};
		D3A0A23819EAD864005E3133 /* Products */ = {
			isa = PBXGroup;
			children = (
				D3A0A23719EAD864005E3133 /* Cilent.app */,
				D3A0A25019EAD864005E3133 /* CilentTests.xctest */,
			);
			name = Products;
			sourceTree = "<group>";
		};
		D3A0A23919EAD864005E3133 /* Cilent */ = {
			isa = PBXGroup;
			children = (
				D3A0A23E19EAD864005E3133 /* AppDelegate.h */,
				D3A0A23F19EAD864005E3133 /* AppDelegate.m */,
				D396547F19F34A800059F2E7 /* AppState.h */,
				D396548019F34A800059F2E7 /* AppState.m */,
				D3EC26851A2D66E8001ED16F /* Entities */,
				D3A0A24719EAD864005E3133 /* Images.xcassets */,
				D3A0A24919EAD864005E3133 /* LaunchScreen.xib */,
				D398F30019F4C0E0002F6340 /* Map */,
				D3A0A23A19EAD864005E3133 /* Supporting Files */,
				D3A0A26319EB2325005E3133 /* TutorialIntro */,
				D398F30719F757E3002F6340 /* ViewUtil.h */,
				D398F30819F757E3002F6340 /* ViewUtil.m */,
			);
			path = Cilent;
			sourceTree = "<group>";
		};
		D3A0A23A19EAD864005E3133 /* Supporting Files */ = {
			isa = PBXGroup;
			children = (
				D3A0A23B19EAD864005E3133 /* Info.plist */,
				D3A0A23C19EAD864005E3133 /* main.m */,
			);
			name = "Supporting Files";
			sourceTree = "<group>";
		};
		D3A0A25319EAD864005E3133 /* CilentTests */ = {
			isa = PBXGroup;
			children = (
				D3A0A25619EAD864005E3133 /* CilentTests.m */,
			);
			path = CilentTests;
			sourceTree = "<group>";
		};
		D3A0A25419EAD864005E3133 /* Supporting Files */ = {
			isa = PBXGroup;
			children = (
				D3A0A25519EAD864005E3133 /* Info.plist */,
			);
			name = "Supporting Files";
			path = CilentTests;
			sourceTree = "<group>";
		};
		D3A0A26319EB2325005E3133 /* TutorialIntro */ = {
			isa = PBXGroup;
			children = (
				D3A0A26419EB25BB005E3133 /* TutorialChildViewController.h */,
				D3A0A26519EB25BB005E3133 /* TutorialChildViewController.m */,
				D3A0A26019EB1EA6005E3133 /* TutorialPageViewController.h */,
				D3A0A26119EB1EA6005E3133 /* TutorialPageViewController.m */,
			);
			name = TutorialIntro;
			sourceTree = "<group>";
		};
		D3EC26851A2D66E8001ED16F /* Entities */ = {
			isa = PBXGroup;
			children = (
				D3EC26861A2D672C001ED16F /* Place.h */,
				D3EC26871A2D672C001ED16F /* Place.m */,
			);
			name = Entities;
			sourceTree = "<group>";
		};
/* End PBXGroup section */

/* Begin PBXNativeTarget section */
		D3A0A23619EAD864005E3133 /* Cilent */ = {
			isa = PBXNativeTarget;
			buildConfigurationList = D3A0A25A19EAD864005E3133 /* Build configuration list for PBXNativeTarget "Cilent" */;
			buildPhases = (
				D3A0A23319EAD864005E3133 /* Sources */,
				D3A0A23419EAD864005E3133 /* Frameworks */,
				D3A0A23519EAD864005E3133 /* Resources */,
			);
			buildRules = (
			);
			dependencies = (
			);
			name = Cilent;
			productName = Cilent;
			productReference = D3A0A23719EAD864005E3133 /* Cilent.app */;
			productType = "com.apple.product-type.application";
		};
		D3A0A24F19EAD864005E3133 /* CilentTests */ = {
			isa = PBXNativeTarget;
			buildConfigurationList = D3A0A25D19EAD864005E3133 /* Build configuration list for PBXNativeTarget "CilentTests" */;
			buildPhases = (
				D3A0A24C19EAD864005E3133 /* Sources */,
				D3A0A24D19EAD864005E3133 /* Frameworks */,
				D3A0A24E19EAD864005E3133 /* Resources */,
			);
			buildRules = (
			);
			dependencies = (
				D3A0A25219EAD864005E3133 /* PBXTargetDependency */,
			);
			name = CilentTests;
			productName = CilentTests;
			productReference = D3A0A25019EAD864005E3133 /* CilentTests.xctest */;
			productType = "com.apple.product-type.bundle.unit-test";
		};
/* End PBXNativeTarget section */

/* Begin PBXProject section */
		D3A0A22F19EAD864005E3133 /* Project object */ = {
			isa = PBXProject;
			attributes = {
				LastUpgradeCheck = 0600;
				ORGANIZATIONNAME = "Maaz Kamani";
				TargetAttributes = {
					D3A0A23619EAD864005E3133 = {
						CreatedOnToolsVersion = 6.0.1;
						DevelopmentTeam = GZE5TX6NML;
						SystemCapabilities = {
							com.apple.BackgroundModes = {
								enabled = 1;
							};
						};
					};
					D3A0A24F19EAD864005E3133 = {
						CreatedOnToolsVersion = 6.0.1;
						TestTargetID = D3A0A23619EAD864005E3133;
					};
				};
			};
			buildConfigurationList = D3A0A23219EAD864005E3133 /* Build configuration list for PBXProject "Cilent" */;
			compatibilityVersion = "Xcode 3.2";
			developmentRegion = English;
			hasScannedForEncodings = 0;
			knownRegions = (
				en,
				Base,
			);
			mainGroup = D3A0A22E19EAD864005E3133;
			productRefGroup = D3A0A23819EAD864005E3133 /* Products */;
			projectDirPath = "";
			projectRoot = "";
			targets = (
				D3A0A23619EAD864005E3133 /* Cilent */,
				D3A0A24F19EAD864005E3133 /* CilentTests */,
			);
		};
/* End PBXProject section */

/* Begin PBXResourcesBuildPhase section */
		D3A0A23519EAD864005E3133 /* Resources */ = {
			isa = PBXResourcesBuildPhase;
			buildActionMask = 2147483647;
			files = (
				D30ACEE21A2BB11F00452B92 /* Map.png in Resources */,
				D30ACEE31A2BB11F00452B92 /* MenuAbout.png in Resources */,
				D30ACEE01A2BB11F00452B92 /* BlackCheck.png in Resources */,
				D3A0A24B19EAD864005E3133 /* LaunchScreen.xib in Resources */,
				D30ACEE51A2BB11F00452B92 /* MenuMap.png in Resources */,
				D3A0A24819EAD864005E3133 /* Images.xcassets in Resources */,
				D30ACEE81A2BB11F00452B92 /* SearchGlass.png in Resources */,
				D30ACEE71A2BB11F00452B92 /* RightArrow.png in Resources */,
				D30ACEF71A2D577B00452B92 /* icon152.png in Resources */,
				D30ACEE41A2BB11F00452B92 /* MenuHome.png in Resources */,
				D30ACEF81A2D577B00452B92 /* icon120.png in Resources */,
				D30ACEE11A2BB11F00452B92 /* BlackX.png in Resources */,
				D30ACEF51A2D577B00452B92 /* icon180.png in Resources */,
				D30ACEDF1A2BB11F00452B92 /* Arrow.png in Resources */,
				D30ACEE61A2BB11F00452B92 /* MenuSetting.png in Resources */,
				D30ACEF61A2D577B00452B92 /* icon76.png in Resources */,
			);
			runOnlyForDeploymentPostprocessing = 0;
		};
		D3A0A24E19EAD864005E3133 /* Resources */ = {
			isa = PBXResourcesBuildPhase;
			buildActionMask = 2147483647;
			files = (
			);
			runOnlyForDeploymentPostprocessing = 0;
		};
/* End PBXResourcesBuildPhase section */

/* Begin PBXSourcesBuildPhase section */
		D3A0A23319EAD864005E3133 /* Sources */ = {
			isa = PBXSourcesBuildPhase;
			buildActionMask = 2147483647;
			files = (
				D3A0A26619EB25BB005E3133 /* TutorialChildViewController.m in Sources */,
				D3A0A24019EAD864005E3133 /* AppDelegate.m in Sources */,
				D396548119F34A800059F2E7 /* AppState.m in Sources */,
				D398F30319F4C447002F6340 /* MapViewController.m in Sources */,
				D3A0A23D19EAD864005E3133 /* main.m in Sources */,
				D3A0A26219EB1EA6005E3133 /* TutorialPageViewController.m in Sources */,
				D398F30919F757E3002F6340 /* ViewUtil.m in Sources */,
				D3EC26881A2D672C001ED16F /* Place.m in Sources */,
			);
			runOnlyForDeploymentPostprocessing = 0;
		};
		D3A0A24C19EAD864005E3133 /* Sources */ = {
			isa = PBXSourcesBuildPhase;
			buildActionMask = 2147483647;
			files = (
				D3A0A25719EAD864005E3133 /* CilentTests.m in Sources */,
			);
			runOnlyForDeploymentPostprocessing = 0;
		};
/* End PBXSourcesBuildPhase section */

/* Begin PBXTargetDependency section */
		D3A0A25219EAD864005E3133 /* PBXTargetDependency */ = {
			isa = PBXTargetDependency;
			target = D3A0A23619EAD864005E3133 /* Cilent */;
			targetProxy = D3A0A25119EAD864005E3133 /* PBXContainerItemProxy */;
		};
/* End PBXTargetDependency section */

/* Begin PBXVariantGroup section */
		D3A0A24919EAD864005E3133 /* LaunchScreen.xib */ = {
			isa = PBXVariantGroup;
			children = (
				D3A0A24A19EAD864005E3133 /* Base */,
			);
			name = LaunchScreen.xib;
			sourceTree = "<group>";
		};
/* End PBXVariantGroup section */

/* Begin XCBuildConfiguration section */
		D3A0A25819EAD864005E3133 /* Debug */ = {
			isa = XCBuildConfiguration;
			buildSettings = {
				ALWAYS_SEARCH_USER_PATHS = NO;
				CLANG_CXX_LANGUAGE_STANDARD = "gnu++0x";
				CLANG_CXX_LIBRARY = "libc++";
				CLANG_ENABLE_MODULES = YES;
				CLANG_ENABLE_OBJC_ARC = YES;
				CLANG_WARN_BOOL_CONVERSION = YES;
				CLANG_WARN_CONSTANT_CONVERSION = YES;
				CLANG_WARN_DIRECT_OBJC_ISA_USAGE = YES_ERROR;
				CLANG_WARN_EMPTY_BODY = YES;
				CLANG_WARN_ENUM_CONVERSION = YES;
				CLANG_WARN_INT_CONVERSION = YES;
				CLANG_WARN_OBJC_ROOT_CLASS = YES_ERROR;
				CLANG_WARN_UNREACHABLE_CODE = YES;
				CLANG_WARN__DUPLICATE_METHOD_MATCH = YES;
				"CODE_SIGN_IDENTITY[sdk=iphoneos*]" = "iPhone Developer";
				COPY_PHASE_STRIP = NO;
				ENABLE_STRICT_OBJC_MSGSEND = YES;
				GCC_C_LANGUAGE_STANDARD = gnu99;
				GCC_DYNAMIC_NO_PIC = NO;
				GCC_OPTIMIZATION_LEVEL = 0;
				GCC_PREPROCESSOR_DEFINITIONS = (
					"DEBUG=1",
					"$(inherited)",
				);
				GCC_SYMBOLS_PRIVATE_EXTERN = NO;
				GCC_WARN_64_TO_32_BIT_CONVERSION = YES;
				GCC_WARN_ABOUT_RETURN_TYPE = YES_ERROR;
				GCC_WARN_UNDECLARED_SELECTOR = YES;
				GCC_WARN_UNINITIALIZED_AUTOS = YES_AGGRESSIVE;
				GCC_WARN_UNUSED_FUNCTION = YES;
				GCC_WARN_UNUSED_VARIABLE = YES;
				IPHONEOS_DEPLOYMENT_TARGET = 8.0;
				MTL_ENABLE_DEBUG_INFO = YES;
				ONLY_ACTIVE_ARCH = YES;
				SDKROOT = iphoneos;
				TARGETED_DEVICE_FAMILY = "1,2";
			};
			name = Debug;
		};
		D3A0A25919EAD864005E3133 /* Release */ = {
			isa = XCBuildConfiguration;
			buildSettings = {
				ALWAYS_SEARCH_USER_PATHS = NO;
				CLANG_CXX_LANGUAGE_STANDARD = "gnu++0x";
				CLANG_CXX_LIBRARY = "libc++";
				CLANG_ENABLE_MODULES = YES;
				CLANG_ENABLE_OBJC_ARC = YES;
				CLANG_WARN_BOOL_CONVERSION = YES;
				CLANG_WARN_CONSTANT_CONVERSION = YES;
				CLANG_WARN_DIRECT_OBJC_ISA_USAGE = YES_ERROR;
				CLANG_WARN_EMPTY_BODY = YES;
				CLANG_WARN_ENUM_CONVERSION = YES;
				CLANG_WARN_INT_CONVERSION = YES;
				CLANG_WARN_OBJC_ROOT_CLASS = YES_ERROR;
				CLANG_WARN_UNREACHABLE_CODE = YES;
				CLANG_WARN__DUPLICATE_METHOD_MATCH = YES;
				"CODE_SIGN_IDENTITY[sdk=iphoneos*]" = "iPhone Developer";
				COPY_PHASE_STRIP = YES;
				ENABLE_NS_ASSERTIONS = NO;
				ENABLE_STRICT_OBJC_MSGSEND = YES;
				GCC_C_LANGUAGE_STANDARD = gnu99;
				GCC_WARN_64_TO_32_BIT_CONVERSION = YES;
				GCC_WARN_ABOUT_RETURN_TYPE = YES_ERROR;
				GCC_WARN_UNDECLARED_SELECTOR = YES;
				GCC_WARN_UNINITIALIZED_AUTOS = YES_AGGRESSIVE;
				GCC_WARN_UNUSED_FUNCTION = YES;
				GCC_WARN_UNUSED_VARIABLE = YES;
				IPHONEOS_DEPLOYMENT_TARGET = 8.0;
				MTL_ENABLE_DEBUG_INFO = NO;
				SDKROOT = iphoneos;
				TARGETED_DEVICE_FAMILY = "1,2";
				VALIDATE_PRODUCT = YES;
			};
			name = Release;
		};
		D3A0A25B19EAD864005E3133 /* Debug */ = {
			isa = XCBuildConfiguration;
			buildSettings = {
				ASSETCATALOG_COMPILER_APPICON_NAME = AppIcon;
				ASSETCATALOG_COMPILER_LAUNCHIMAGE_NAME = LaunchImage;
				CODE_SIGN_IDENTITY = "iPhone Developer: Maaz Kamani (A689T2Y9B6)";
				INFOPLIST_FILE = Cilent/Info.plist;
				IPHONEOS_DEPLOYMENT_TARGET = 7.0;
				LD_RUNPATH_SEARCH_PATHS = "$(inherited) @executable_path/Frameworks";
				PRODUCT_NAME = "$(TARGET_NAME)";
				PROVISIONING_PROFILE = "62430c4a-75c0-49f7-9149-cfc35848718c";
			};
			name = Debug;
		};
		D3A0A25C19EAD864005E3133 /* Release */ = {
			isa = XCBuildConfiguration;
			buildSettings = {
				ASSETCATALOG_COMPILER_APPICON_NAME = AppIcon;
				ASSETCATALOG_COMPILER_LAUNCHIMAGE_NAME = LaunchImage;
				CODE_SIGN_IDENTITY = "iPhone Distribution: Maaz Kamani (GZE5TX6NML)";
				INFOPLIST_FILE = Cilent/Info.plist;
				IPHONEOS_DEPLOYMENT_TARGET = 7.0;
				LD_RUNPATH_SEARCH_PATHS = "$(inherited) @executable_path/Frameworks";
				PRODUCT_NAME = "$(TARGET_NAME)";
				PROVISIONING_PROFILE = "0bf77165-9a1b-4eb8-b651-5d20a58a29fa";
			};
			name = Release;
		};
		D3A0A25E19EAD864005E3133 /* Debug */ = {
			isa = XCBuildConfiguration;
			buildSettings = {
				BUNDLE_LOADER = "$(TEST_HOST)";
				FRAMEWORK_SEARCH_PATHS = (
					"$(SDKROOT)/Developer/Library/Frameworks",
					"$(inherited)",
				);
				GCC_PREPROCESSOR_DEFINITIONS = (
					"DEBUG=1",
					"$(inherited)",
				);
				INFOPLIST_FILE = CilentTests/Info.plist;
				LD_RUNPATH_SEARCH_PATHS = "$(inherited) @executable_path/Frameworks @loader_path/Frameworks";
				PRODUCT_NAME = "$(TARGET_NAME)";
				TEST_HOST = "$(BUILT_PRODUCTS_DIR)/Cilent.app/Cilent";
			};
			name = Debug;
		};
		D3A0A25F19EAD864005E3133 /* Release */ = {
			isa = XCBuildConfiguration;
			buildSettings = {
				BUNDLE_LOADER = "$(TEST_HOST)";
				FRAMEWORK_SEARCH_PATHS = (
					"$(SDKROOT)/Developer/Library/Frameworks",
					"$(inherited)",
				);
				INFOPLIST_FILE = CilentTests/Info.plist;
				LD_RUNPATH_SEARCH_PATHS = "$(inherited) @executable_path/Frameworks @loader_path/Frameworks";
				PRODUCT_NAME = "$(TARGET_NAME)";
				TEST_HOST = "$(BUILT_PRODUCTS_DIR)/Cilent.app/Cilent";
			};
			name = Release;
		};
/* End XCBuildConfiguration section */

/* Begin XCConfigurationList section */
		D3A0A23219EAD864005E3133 /* Build configuration list for PBXProject "Cilent" */ = {
			isa = XCConfigurationList;
			buildConfigurations = (
				D3A0A25819EAD864005E3133 /* Debug */,
				D3A0A25919EAD864005E3133 /* Release */,
			);
			defaultConfigurationIsVisible = 0;
			defaultConfigurationName = Release;
		};
		D3A0A25A19EAD864005E3133 /* Build configuration list for PBXNativeTarget "Cilent" */ = {
			isa = XCConfigurationList;
			buildConfigurations = (
				D3A0A25B19EAD864005E3133 /* Debug */,
				D3A0A25C19EAD864005E3133 /* Release */,
			);
			defaultConfigurationIsVisible = 0;
			defaultConfigurationName = Release;
		};
		D3A0A25D19EAD864005E3133 /* Build configuration list for PBXNativeTarget "CilentTests" */ = {
			isa = XCConfigurationList;
			buildConfigurations = (
				D3A0A25E19EAD864005E3133 /* Debug */,
				D3A0A25F19EAD864005E3133 /* Release */,
			);
			defaultConfigurationIsVisible = 0;
			defaultConfigurationName = Release;
		};
/* End XCConfigurationList section */
	};
	rootObject = D3A0A22F19EAD864005E3133 /* Project object */;
}
