<?xml version="1.0" encoding="UTF-8"?>
<!DOCTYPE plist PUBLIC "-//Apple//DTD PLIST 1.0//EN" "http://www.apple.com/DTDs/PropertyList-1.0.dtd">
<plist version="1.0">
<dict>
	<key>archiveVersion</key>
	<string>1</string>
	<key>classes</key>
	<dict/>
	<key>objectVersion</key>
	<string>46</string>
	<key>objects</key>
	<dict>
		<key>1F125788D30A0912898E97B8</key>
		<dict>
			<key>includeInIndex</key>
			<string>1</string>
			<key>isa</key>
			<string>PBXFileReference</string>
			<key>lastKnownFileType</key>
			<string>text.xcconfig</string>
			<key>name</key>
			<string>Pods.debug.xcconfig</string>
			<key>path</key>
			<string>Pods/Target Support Files/Pods/Pods.debug.xcconfig</string>
			<key>sourceTree</key>
			<string>&lt;group&gt;</string>
		</dict>
		<key>353C81AC202DE83A741B7C24</key>
		<dict>
			<key>includeInIndex</key>
			<string>1</string>
			<key>isa</key>
			<string>PBXFileReference</string>
			<key>lastKnownFileType</key>
			<string>text.xcconfig</string>
			<key>name</key>
			<string>Pods.release.xcconfig</string>
			<key>path</key>
			<string>Pods/Target Support Files/Pods/Pods.release.xcconfig</string>
			<key>sourceTree</key>
			<string>&lt;group&gt;</string>
		</dict>
		<key>3851300003BAA506AD877A13</key>
		<dict>
			<key>explicitFileType</key>
			<string>archive.ar</string>
			<key>includeInIndex</key>
			<string>0</string>
			<key>isa</key>
			<string>PBXFileReference</string>
			<key>path</key>
			<string>libPods.a</string>
			<key>sourceTree</key>
			<string>BUILT_PRODUCTS_DIR</string>
		</dict>
		<key>3DD92361A4DA94EF623510E6</key>
		<dict>
			<key>fileRef</key>
			<string>3851300003BAA506AD877A13</string>
			<key>isa</key>
			<string>PBXBuildFile</string>
		</dict>
		<key>4180234BD46213247FE30EFB</key>
		<dict>
			<key>buildActionMask</key>
			<string>2147483647</string>
			<key>files</key>
			<array/>
			<key>inputPaths</key>
			<array/>
			<key>isa</key>
			<string>PBXShellScriptBuildPhase</string>
			<key>name</key>
			<string>Copy Pods Resources</string>
			<key>outputPaths</key>
			<array/>
			<key>runOnlyForDeploymentPostprocessing</key>
			<string>0</string>
			<key>shellPath</key>
			<string>/bin/sh</string>
			<key>shellScript</key>
			<string>"${SRCROOT}/Pods/Target Support Files/Pods/Pods-resources.sh"
</string>
			<key>showEnvVarsInLog</key>
			<string>0</string>
		</dict>
		<key>79249A9B03594949139D3C58</key>
		<dict>
			<key>children</key>
			<array>
				<string>1F125788D30A0912898E97B8</string>
				<string>353C81AC202DE83A741B7C24</string>
			</array>
			<key>isa</key>
			<string>PBXGroup</string>
			<key>name</key>
			<string>Pods</string>
			<key>sourceTree</key>
			<string>&lt;group&gt;</string>
		</dict>
		<key>D06BE307ACF7FC3CB78B807B</key>
		<dict>
			<key>buildActionMask</key>
			<string>2147483647</string>
			<key>files</key>
			<array/>
			<key>inputPaths</key>
			<array/>
			<key>isa</key>
			<string>PBXShellScriptBuildPhase</string>
			<key>name</key>
			<string>Check Pods Manifest.lock</string>
			<key>outputPaths</key>
			<array/>
			<key>runOnlyForDeploymentPostprocessing</key>
			<string>0</string>
			<key>shellPath</key>
			<string>/bin/sh</string>
			<key>shellScript</key>
			<string>diff "${PODS_ROOT}/../Podfile.lock" "${PODS_ROOT}/Manifest.lock" &gt; /dev/null
if [[ $? != 0 ]] ; then
    cat &lt;&lt; EOM
error: The sandbox is not in sync with the Podfile.lock. Run 'pod install' or update your CocoaPods installation.
EOM
    exit 1
fi
</string>
			<key>showEnvVarsInLog</key>
			<string>0</string>
		</dict>
		<key>D30ACED41A2BB0F800452B92</key>
		<dict>
			<key>children</key>
			<array>
				<string>D343269E1A4280CD00EDA25C</string>
				<string>D343269F1A4280CD00EDA25C</string>
				<string>D34326941A3CA1C600EDA25C</string>
				<string>D34326931A3CA1C600EDA25C</string>
				<string>D34326921A3CA1C600EDA25C</string>
				<string>D30ACEF21A2D577B00452B92</string>
				<string>D30ACEF41A2D577B00452B92</string>
				<string>D30ACEF31A2D577B00452B92</string>
				<string>D30ACEF11A2D577B00452B92</string>
				<string>D34326911A3CA1C600EDA25C</string>
				<string>D34326901A3CA1C600EDA25C</string>
				<string>D343268F1A3CA1C600EDA25C</string>
				<string>D343268E1A3CA1C600EDA25C</string>
				<string>D343268D1A3CA1C600EDA25C</string>
				<string>D30ACEDD1A2BB11F00452B92</string>
				<string>D343268C1A3CA1C600EDA25C</string>
			</array>
			<key>isa</key>
			<string>PBXGroup</string>
			<key>name</key>
			<string>Assets</string>
			<key>sourceTree</key>
			<string>&lt;group&gt;</string>
		</dict>
		<key>D30ACEDD1A2BB11F00452B92</key>
		<dict>
			<key>isa</key>
			<string>PBXFileReference</string>
			<key>lastKnownFileType</key>
			<string>image.png</string>
			<key>path</key>
			<string>RightArrow.png</string>
			<key>sourceTree</key>
			<string>&lt;group&gt;</string>
		</dict>
		<key>D30ACEE71A2BB11F00452B92</key>
		<dict>
			<key>fileRef</key>
			<string>D30ACEDD1A2BB11F00452B92</string>
			<key>isa</key>
			<string>PBXBuildFile</string>
		</dict>
		<key>D30ACEF11A2D577B00452B92</key>
		<dict>
			<key>isa</key>
			<string>PBXFileReference</string>
			<key>lastKnownFileType</key>
			<string>image.png</string>
			<key>path</key>
			<string>icon180.png</string>
			<key>sourceTree</key>
			<string>&lt;group&gt;</string>
		</dict>
		<key>D30ACEF21A2D577B00452B92</key>
		<dict>
			<key>isa</key>
			<string>PBXFileReference</string>
			<key>lastKnownFileType</key>
			<string>image.png</string>
			<key>path</key>
			<string>icon76.png</string>
			<key>sourceTree</key>
			<string>&lt;group&gt;</string>
		</dict>
		<key>D30ACEF31A2D577B00452B92</key>
		<dict>
			<key>isa</key>
			<string>PBXFileReference</string>
			<key>lastKnownFileType</key>
			<string>image.png</string>
			<key>path</key>
			<string>icon152.png</string>
			<key>sourceTree</key>
			<string>&lt;group&gt;</string>
		</dict>
		<key>D30ACEF41A2D577B00452B92</key>
		<dict>
			<key>isa</key>
			<string>PBXFileReference</string>
			<key>lastKnownFileType</key>
			<string>image.png</string>
			<key>path</key>
			<string>icon120.png</string>
			<key>sourceTree</key>
			<string>&lt;group&gt;</string>
		</dict>
		<key>D30ACEF51A2D577B00452B92</key>
		<dict>
			<key>fileRef</key>
			<string>D30ACEF11A2D577B00452B92</string>
			<key>isa</key>
			<string>PBXBuildFile</string>
		</dict>
		<key>D30ACEF61A2D577B00452B92</key>
		<dict>
			<key>fileRef</key>
			<string>D30ACEF21A2D577B00452B92</string>
			<key>isa</key>
			<string>PBXBuildFile</string>
		</dict>
		<key>D30ACEF71A2D577B00452B92</key>
		<dict>
			<key>fileRef</key>
			<string>D30ACEF31A2D577B00452B92</string>
			<key>isa</key>
			<string>PBXBuildFile</string>
		</dict>
		<key>D30ACEF81A2D577B00452B92</key>
		<dict>
			<key>fileRef</key>
			<string>D30ACEF41A2D577B00452B92</string>
			<key>isa</key>
			<string>PBXBuildFile</string>
		</dict>
		<key>D343268C1A3CA1C600EDA25C</key>
		<dict>
			<key>isa</key>
			<string>PBXFileReference</string>
			<key>lastKnownFileType</key>
			<string>image.png</string>
			<key>path</key>
			<string>SearchGlass.png</string>
			<key>sourceTree</key>
			<string>&lt;group&gt;</string>
		</dict>
		<key>D343268D1A3CA1C600EDA25C</key>
		<dict>
			<key>isa</key>
			<string>PBXFileReference</string>
			<key>lastKnownFileType</key>
			<string>image.png</string>
			<key>path</key>
			<string>MenuSetting.png</string>
			<key>sourceTree</key>
			<string>&lt;group&gt;</string>
		</dict>
		<key>D343268E1A3CA1C600EDA25C</key>
		<dict>
			<key>isa</key>
			<string>PBXFileReference</string>
			<key>lastKnownFileType</key>
			<string>image.png</string>
			<key>path</key>
			<string>MenuMap.png</string>
			<key>sourceTree</key>
			<string>&lt;group&gt;</string>
		</dict>
		<key>D343268F1A3CA1C600EDA25C</key>
		<dict>
			<key>isa</key>
			<string>PBXFileReference</string>
			<key>lastKnownFileType</key>
			<string>image.png</string>
			<key>path</key>
			<string>MenuHome.png</string>
			<key>sourceTree</key>
			<string>&lt;group&gt;</string>
		</dict>
		<key>D34326901A3CA1C600EDA25C</key>
		<dict>
			<key>isa</key>
			<string>PBXFileReference</string>
			<key>lastKnownFileType</key>
			<string>image.png</string>
			<key>path</key>
			<string>MenuAbout.png</string>
			<key>sourceTree</key>
			<string>&lt;group&gt;</string>
		</dict>
		<key>D34326911A3CA1C600EDA25C</key>
		<dict>
			<key>isa</key>
			<string>PBXFileReference</string>
			<key>lastKnownFileType</key>
			<string>image.png</string>
			<key>path</key>
			<string>Map.png</string>
			<key>sourceTree</key>
			<string>&lt;group&gt;</string>
		</dict>
		<key>D34326921A3CA1C600EDA25C</key>
		<dict>
			<key>isa</key>
			<string>PBXFileReference</string>
			<key>lastKnownFileType</key>
			<string>image.png</string>
			<key>path</key>
			<string>BlackX.png</string>
			<key>sourceTree</key>
			<string>&lt;group&gt;</string>
		</dict>
		<key>D34326931A3CA1C600EDA25C</key>
		<dict>
			<key>isa</key>
			<string>PBXFileReference</string>
			<key>lastKnownFileType</key>
			<string>image.png</string>
			<key>path</key>
			<string>BlackCheck.png</string>
			<key>sourceTree</key>
			<string>&lt;group&gt;</string>
		</dict>
		<key>D34326941A3CA1C600EDA25C</key>
		<dict>
			<key>isa</key>
			<string>PBXFileReference</string>
			<key>lastKnownFileType</key>
			<string>image.png</string>
			<key>path</key>
			<string>Arrow.png</string>
			<key>sourceTree</key>
			<string>&lt;group&gt;</string>
		</dict>
		<key>D34326951A3CA1C600EDA25C</key>
		<dict>
			<key>fileRef</key>
			<string>D343268C1A3CA1C600EDA25C</string>
			<key>isa</key>
			<string>PBXBuildFile</string>
		</dict>
		<key>D34326961A3CA1C600EDA25C</key>
		<dict>
			<key>fileRef</key>
			<string>D343268D1A3CA1C600EDA25C</string>
			<key>isa</key>
			<string>PBXBuildFile</string>
		</dict>
		<key>D34326971A3CA1C600EDA25C</key>
		<dict>
			<key>fileRef</key>
			<string>D343268E1A3CA1C600EDA25C</string>
			<key>isa</key>
			<string>PBXBuildFile</string>
		</dict>
		<key>D34326981A3CA1C600EDA25C</key>
		<dict>
			<key>fileRef</key>
			<string>D343268F1A3CA1C600EDA25C</string>
			<key>isa</key>
			<string>PBXBuildFile</string>
		</dict>
		<key>D34326991A3CA1C600EDA25C</key>
		<dict>
			<key>fileRef</key>
			<string>D34326901A3CA1C600EDA25C</string>
			<key>isa</key>
			<string>PBXBuildFile</string>
		</dict>
		<key>D343269A1A3CA1C600EDA25C</key>
		<dict>
			<key>fileRef</key>
			<string>D34326911A3CA1C600EDA25C</string>
			<key>isa</key>
			<string>PBXBuildFile</string>
		</dict>
		<key>D343269B1A3CA1C600EDA25C</key>
		<dict>
			<key>fileRef</key>
			<string>D34326921A3CA1C600EDA25C</string>
			<key>isa</key>
			<string>PBXBuildFile</string>
		</dict>
		<key>D343269C1A3CA1C600EDA25C</key>
		<dict>
			<key>fileRef</key>
			<string>D34326931A3CA1C600EDA25C</string>
			<key>isa</key>
			<string>PBXBuildFile</string>
		</dict>
		<key>D343269D1A3CA1C600EDA25C</key>
		<dict>
			<key>fileRef</key>
			<string>D34326941A3CA1C600EDA25C</string>
			<key>isa</key>
			<string>PBXBuildFile</string>
		</dict>
		<key>D343269E1A4280CD00EDA25C</key>
		<dict>
			<key>isa</key>
			<string>PBXFileReference</string>
			<key>lastKnownFileType</key>
			<string>image.png</string>
			<key>path</key>
			<string>Feedback.png</string>
			<key>sourceTree</key>
			<string>&lt;group&gt;</string>
		</dict>
		<key>D343269F1A4280CD00EDA25C</key>
		<dict>
			<key>isa</key>
			<string>PBXFileReference</string>
			<key>lastKnownFileType</key>
			<string>image.png</string>
			<key>path</key>
			<string>Grow.png</string>
			<key>sourceTree</key>
			<string>&lt;group&gt;</string>
		</dict>
		<key>D34326A01A4280CD00EDA25C</key>
		<dict>
			<key>fileRef</key>
			<string>D343269E1A4280CD00EDA25C</string>
			<key>isa</key>
			<string>PBXBuildFile</string>
		</dict>
		<key>D34326A11A4280CD00EDA25C</key>
		<dict>
			<key>fileRef</key>
			<string>D343269F1A4280CD00EDA25C</string>
			<key>isa</key>
			<string>PBXBuildFile</string>
		</dict>
		<key>D36056C11A34B56E00D11BF1</key>
		<dict>
			<key>isa</key>
			<string>PBXFileReference</string>
			<key>lastKnownFileType</key>
			<string>wrapper.framework</string>
			<key>name</key>
			<string>AudioToolbox.framework</string>
			<key>path</key>
			<string>System/Library/Frameworks/AudioToolbox.framework</string>
			<key>sourceTree</key>
			<string>SDKROOT</string>
		</dict>
		<key>D36056C21A34B56E00D11BF1</key>
		<dict>
			<key>fileRef</key>
			<string>D36056C11A34B56E00D11BF1</string>
			<key>isa</key>
			<string>PBXBuildFile</string>
		</dict>
		<key>D394945A19FD6D1900E32FFC</key>
		<dict>
			<key>isa</key>
			<string>PBXFileReference</string>
			<key>lastKnownFileType</key>
			<string>wrapper.framework</string>
			<key>name</key>
			<string>CoreFoundation.framework</string>
			<key>path</key>
			<string>System/Library/Frameworks/CoreFoundation.framework</string>
			<key>sourceTree</key>
			<string>SDKROOT</string>
		</dict>
		<key>D394945B19FD6D1900E32FFC</key>
		<dict>
			<key>fileRef</key>
			<string>D394945A19FD6D1900E32FFC</string>
			<key>isa</key>
			<string>PBXBuildFile</string>
		</dict>
		<key>D396547F19F34A800059F2E7</key>
		<dict>
			<key>fileEncoding</key>
			<string>4</string>
			<key>isa</key>
			<string>PBXFileReference</string>
			<key>lastKnownFileType</key>
			<string>sourcecode.c.h</string>
			<key>path</key>
			<string>AppState.h</string>
			<key>sourceTree</key>
			<string>&lt;group&gt;</string>
		</dict>
		<key>D396548019F34A800059F2E7</key>
		<dict>
			<key>fileEncoding</key>
			<string>4</string>
			<key>isa</key>
			<string>PBXFileReference</string>
			<key>lastKnownFileType</key>
			<string>sourcecode.c.objc</string>
			<key>path</key>
			<string>AppState.m</string>
			<key>sourceTree</key>
			<string>&lt;group&gt;</string>
		</dict>
		<key>D396548119F34A800059F2E7</key>
		<dict>
			<key>fileRef</key>
			<string>D396548019F34A800059F2E7</string>
			<key>isa</key>
			<string>PBXBuildFile</string>
		</dict>
		<key>D398F30019F4C0E0002F6340</key>
		<dict>
			<key>children</key>
			<array>
				<string>D398F30119F4C447002F6340</string>
				<string>D398F30219F4C447002F6340</string>
			</array>
			<key>isa</key>
			<string>PBXGroup</string>
			<key>name</key>
			<string>Map</string>
			<key>sourceTree</key>
			<string>&lt;group&gt;</string>
		</dict>
		<key>D398F30119F4C447002F6340</key>
		<dict>
			<key>fileEncoding</key>
			<string>4</string>
			<key>isa</key>
			<string>PBXFileReference</string>
			<key>lastKnownFileType</key>
			<string>sourcecode.c.h</string>
			<key>path</key>
			<string>MapViewController.h</string>
			<key>sourceTree</key>
			<string>&lt;group&gt;</string>
		</dict>
		<key>D398F30219F4C447002F6340</key>
		<dict>
			<key>fileEncoding</key>
			<string>4</string>
			<key>isa</key>
			<string>PBXFileReference</string>
			<key>lastKnownFileType</key>
			<string>sourcecode.c.objc</string>
			<key>path</key>
			<string>MapViewController.m</string>
			<key>sourceTree</key>
			<string>&lt;group&gt;</string>
		</dict>
		<key>D398F30319F4C447002F6340</key>
		<dict>
			<key>fileRef</key>
			<string>D398F30219F4C447002F6340</string>
			<key>isa</key>
			<string>PBXBuildFile</string>
		</dict>
		<key>D398F30419F4CB81002F6340</key>
		<dict>
			<key>isa</key>
			<string>PBXFileReference</string>
			<key>lastKnownFileType</key>
			<string>wrapper.framework</string>
			<key>name</key>
			<string>MapKit.framework</string>
			<key>path</key>
			<string>System/Library/Frameworks/MapKit.framework</string>
			<key>sourceTree</key>
			<string>SDKROOT</string>
		</dict>
		<key>D398F30519F4CB81002F6340</key>
		<dict>
			<key>fileRef</key>
			<string>D398F30419F4CB81002F6340</string>
			<key>isa</key>
			<string>PBXBuildFile</string>
		</dict>
		<key>D398F30619F4CBA1002F6340</key>
		<dict>
			<key>children</key>
			<array>
				<string>D36056C11A34B56E00D11BF1</string>
				<string>D3B92AC61A0FEA0300E7A775</string>
				<string>D394945A19FD6D1900E32FFC</string>
				<string>D3F2F83919FD6BAC00636550</string>
				<string>D398F30419F4CB81002F6340</string>
				<string>3851300003BAA506AD877A13</string>
			</array>
			<key>isa</key>
			<string>PBXGroup</string>
			<key>name</key>
			<string>Frameworks</string>
			<key>sourceTree</key>
			<string>&lt;group&gt;</string>
		</dict>
		<key>D398F30719F757E3002F6340</key>
		<dict>
			<key>fileEncoding</key>
			<string>4</string>
			<key>isa</key>
			<string>PBXFileReference</string>
			<key>lastKnownFileType</key>
			<string>sourcecode.c.h</string>
			<key>path</key>
			<string>ViewUtil.h</string>
			<key>sourceTree</key>
			<string>&lt;group&gt;</string>
		</dict>
		<key>D398F30819F757E3002F6340</key>
		<dict>
			<key>fileEncoding</key>
			<string>4</string>
			<key>isa</key>
			<string>PBXFileReference</string>
			<key>lastKnownFileType</key>
			<string>sourcecode.c.objc</string>
			<key>path</key>
			<string>ViewUtil.m</string>
			<key>sourceTree</key>
			<string>&lt;group&gt;</string>
		</dict>
		<key>D398F30919F757E3002F6340</key>
		<dict>
			<key>fileRef</key>
			<string>D398F30819F757E3002F6340</string>
			<key>isa</key>
			<string>PBXBuildFile</string>
		</dict>
		<key>D3A0A22E19EAD864005E3133</key>
		<dict>
			<key>children</key>
			<array>
				<string>D30ACED41A2BB0F800452B92</string>
				<string>D3A0A23919EAD864005E3133</string>
				<string>D3A0A25319EAD864005E3133</string>
				<string>D398F30619F4CBA1002F6340</string>
				<string>D3A0A23819EAD864005E3133</string>
				<string>D3A0A25419EAD864005E3133</string>
				<string>79249A9B03594949139D3C58</string>
			</array>
			<key>isa</key>
			<string>PBXGroup</string>
			<key>sourceTree</key>
			<string>&lt;group&gt;</string>
		</dict>
		<key>D3A0A22F19EAD864005E3133</key>
		<dict>
			<key>attributes</key>
			<dict>
				<key>LastUpgradeCheck</key>
				<string>0600</string>
				<key>ORGANIZATIONNAME</key>
				<string>Maaz Kamani</string>
				<key>TargetAttributes</key>
				<dict>
					<key>D3A0A23619EAD864005E3133</key>
					<dict>
						<key>CreatedOnToolsVersion</key>
						<string>6.0.1</string>
						<key>DevelopmentTeam</key>
						<string>GZE5TX6NML</string>
						<key>SystemCapabilities</key>
						<dict>
							<key>com.apple.BackgroundModes</key>
							<dict>
								<key>enabled</key>
								<string>1</string>
							</dict>
						</dict>
					</dict>
					<key>D3A0A24F19EAD864005E3133</key>
					<dict>
						<key>CreatedOnToolsVersion</key>
						<string>6.0.1</string>
						<key>TestTargetID</key>
						<string>D3A0A23619EAD864005E3133</string>
					</dict>
				</dict>
			</dict>
			<key>buildConfigurationList</key>
			<string>D3A0A23219EAD864005E3133</string>
			<key>compatibilityVersion</key>
			<string>Xcode 3.2</string>
			<key>developmentRegion</key>
			<string>English</string>
			<key>hasScannedForEncodings</key>
			<string>0</string>
			<key>isa</key>
			<string>PBXProject</string>
			<key>knownRegions</key>
			<array>
				<string>en</string>
				<string>Base</string>
			</array>
			<key>mainGroup</key>
			<string>D3A0A22E19EAD864005E3133</string>
			<key>productRefGroup</key>
			<string>D3A0A23819EAD864005E3133</string>
			<key>projectDirPath</key>
			<string></string>
			<key>projectReferences</key>
			<array/>
			<key>projectRoot</key>
			<string></string>
			<key>targets</key>
			<array>
				<string>D3A0A23619EAD864005E3133</string>
				<string>D3A0A24F19EAD864005E3133</string>
			</array>
		</dict>
		<key>D3A0A23219EAD864005E3133</key>
		<dict>
			<key>buildConfigurations</key>
			<array>
				<string>D3A0A25819EAD864005E3133</string>
				<string>D3A0A25919EAD864005E3133</string>
			</array>
			<key>defaultConfigurationIsVisible</key>
			<string>0</string>
			<key>defaultConfigurationName</key>
			<string>Release</string>
			<key>isa</key>
			<string>XCConfigurationList</string>
		</dict>
		<key>D3A0A23319EAD864005E3133</key>
		<dict>
			<key>buildActionMask</key>
			<string>2147483647</string>
			<key>files</key>
			<array>
				<string>D3A0A26619EB25BB005E3133</string>
				<string>D3A0A24019EAD864005E3133</string>
				<string>D396548119F34A800059F2E7</string>
				<string>D398F30319F4C447002F6340</string>
				<string>D3A0A23D19EAD864005E3133</string>
				<string>D3A0A26219EB1EA6005E3133</string>
				<string>D398F30919F757E3002F6340</string>
				<string>D3EC26881A2D672C001ED16F</string>
			</array>
			<key>isa</key>
			<string>PBXSourcesBuildPhase</string>
			<key>runOnlyForDeploymentPostprocessing</key>
			<string>0</string>
		</dict>
		<key>D3A0A23419EAD864005E3133</key>
		<dict>
			<key>buildActionMask</key>
			<string>2147483647</string>
			<key>files</key>
			<array>
				<string>D36056C21A34B56E00D11BF1</string>
				<string>D394945B19FD6D1900E32FFC</string>
				<string>D3F2F83A19FD6BAC00636550</string>
				<string>D398F30519F4CB81002F6340</string>
				<string>3DD92361A4DA94EF623510E6</string>
			</array>
			<key>isa</key>
			<string>PBXFrameworksBuildPhase</string>
			<key>runOnlyForDeploymentPostprocessing</key>
			<string>0</string>
		</dict>
		<key>D3A0A23519EAD864005E3133</key>
		<dict>
			<key>buildActionMask</key>
			<string>2147483647</string>
			<key>files</key>
			<array>
				<string>D34326A11A4280CD00EDA25C</string>
				<string>D34326A01A4280CD00EDA25C</string>
				<string>D34326991A3CA1C600EDA25C</string>
				<string>D34326961A3CA1C600EDA25C</string>
				<string>D343269B1A3CA1C600EDA25C</string>
				<string>D3A0A24B19EAD864005E3133</string>
				<string>D3A0A24819EAD864005E3133</string>
				<string>D34326951A3CA1C600EDA25C</string>
				<string>D30ACEE71A2BB11F00452B92</string>
				<string>D343269D1A3CA1C600EDA25C</string>
				<string>D34326971A3CA1C600EDA25C</string>
				<string>D30ACEF71A2D577B00452B92</string>
				<string>D343269A1A3CA1C600EDA25C</string>
				<string>D30ACEF81A2D577B00452B92</string>
				<string>D30ACEF51A2D577B00452B92</string>
				<string>D30ACEF61A2D577B00452B92</string>
				<string>D34326981A3CA1C600EDA25C</string>
				<string>D343269C1A3CA1C600EDA25C</string>
			</array>
			<key>isa</key>
			<string>PBXResourcesBuildPhase</string>
			<key>runOnlyForDeploymentPostprocessing</key>
			<string>0</string>
		</dict>
		<key>D3A0A23619EAD864005E3133</key>
		<dict>
			<key>buildConfigurationList</key>
			<string>D3A0A25A19EAD864005E3133</string>
			<key>buildPhases</key>
			<array>
				<string>D06BE307ACF7FC3CB78B807B</string>
				<string>D3A0A23319EAD864005E3133</string>
				<string>D3A0A23419EAD864005E3133</string>
				<string>D3A0A23519EAD864005E3133</string>
				<string>4180234BD46213247FE30EFB</string>
			</array>
			<key>buildRules</key>
			<array/>
			<key>dependencies</key>
			<array/>
			<key>isa</key>
			<string>PBXNativeTarget</string>
			<key>name</key>
			<string>Cilent</string>
			<key>productName</key>
			<string>Cilent</string>
			<key>productReference</key>
			<string>D3A0A23719EAD864005E3133</string>
			<key>productType</key>
			<string>com.apple.product-type.application</string>
		</dict>
		<key>D3A0A23719EAD864005E3133</key>
		<dict>
			<key>explicitFileType</key>
			<string>wrapper.application</string>
			<key>includeInIndex</key>
			<string>0</string>
			<key>isa</key>
			<string>PBXFileReference</string>
			<key>path</key>
			<string>Cilent.app</string>
			<key>sourceTree</key>
			<string>BUILT_PRODUCTS_DIR</string>
		</dict>
		<key>D3A0A23819EAD864005E3133</key>
		<dict>
			<key>children</key>
			<array>
				<string>D3A0A23719EAD864005E3133</string>
				<string>D3A0A25019EAD864005E3133</string>
			</array>
			<key>isa</key>
			<string>PBXGroup</string>
			<key>name</key>
			<string>Products</string>
			<key>sourceTree</key>
			<string>&lt;group&gt;</string>
		</dict>
		<key>D3A0A23919EAD864005E3133</key>
		<dict>
			<key>children</key>
			<array>
				<string>D3A0A23E19EAD864005E3133</string>
				<string>D3A0A23F19EAD864005E3133</string>
				<string>D396547F19F34A800059F2E7</string>
				<string>D396548019F34A800059F2E7</string>
				<string>D3EC26851A2D66E8001ED16F</string>
				<string>D3A0A24719EAD864005E3133</string>
				<string>D3A0A24919EAD864005E3133</string>
				<string>D398F30019F4C0E0002F6340</string>
				<string>D3A0A23A19EAD864005E3133</string>
				<string>D3A0A26319EB2325005E3133</string>
				<string>D398F30719F757E3002F6340</string>
				<string>D398F30819F757E3002F6340</string>
			</array>
			<key>isa</key>
			<string>PBXGroup</string>
			<key>path</key>
			<string>Cilent</string>
			<key>sourceTree</key>
			<string>&lt;group&gt;</string>
		</dict>
		<key>D3A0A23A19EAD864005E3133</key>
		<dict>
			<key>children</key>
			<array>
				<string>D3A0A23B19EAD864005E3133</string>
				<string>D3A0A23C19EAD864005E3133</string>
			</array>
			<key>isa</key>
			<string>PBXGroup</string>
			<key>name</key>
			<string>Supporting Files</string>
			<key>sourceTree</key>
			<string>&lt;group&gt;</string>
		</dict>
		<key>D3A0A23B19EAD864005E3133</key>
		<dict>
			<key>isa</key>
			<string>PBXFileReference</string>
			<key>lastKnownFileType</key>
			<string>text.plist.xml</string>
			<key>path</key>
			<string>Info.plist</string>
			<key>sourceTree</key>
			<string>&lt;group&gt;</string>
		</dict>
		<key>D3A0A23C19EAD864005E3133</key>
		<dict>
			<key>isa</key>
			<string>PBXFileReference</string>
			<key>lastKnownFileType</key>
			<string>sourcecode.c.objc</string>
			<key>path</key>
			<string>main.m</string>
			<key>sourceTree</key>
			<string>&lt;group&gt;</string>
		</dict>
		<key>D3A0A23D19EAD864005E3133</key>
		<dict>
			<key>fileRef</key>
			<string>D3A0A23C19EAD864005E3133</string>
			<key>isa</key>
			<string>PBXBuildFile</string>
		</dict>
		<key>D3A0A23E19EAD864005E3133</key>
		<dict>
			<key>isa</key>
			<string>PBXFileReference</string>
			<key>lastKnownFileType</key>
			<string>sourcecode.c.h</string>
			<key>path</key>
			<string>AppDelegate.h</string>
			<key>sourceTree</key>
			<string>&lt;group&gt;</string>
		</dict>
		<key>D3A0A23F19EAD864005E3133</key>
		<dict>
			<key>isa</key>
			<string>PBXFileReference</string>
			<key>lastKnownFileType</key>
			<string>sourcecode.c.objc</string>
			<key>path</key>
			<string>AppDelegate.m</string>
			<key>sourceTree</key>
			<string>&lt;group&gt;</string>
		</dict>
		<key>D3A0A24019EAD864005E3133</key>
		<dict>
			<key>fileRef</key>
			<string>D3A0A23F19EAD864005E3133</string>
			<key>isa</key>
			<string>PBXBuildFile</string>
		</dict>
		<key>D3A0A24719EAD864005E3133</key>
		<dict>
			<key>isa</key>
			<string>PBXFileReference</string>
			<key>lastKnownFileType</key>
			<string>folder.assetcatalog</string>
			<key>path</key>
			<string>Images.xcassets</string>
			<key>sourceTree</key>
			<string>&lt;group&gt;</string>
		</dict>
		<key>D3A0A24819EAD864005E3133</key>
		<dict>
			<key>fileRef</key>
			<string>D3A0A24719EAD864005E3133</string>
			<key>isa</key>
			<string>PBXBuildFile</string>
		</dict>
		<key>D3A0A24919EAD864005E3133</key>
		<dict>
			<key>children</key>
			<array>
				<string>D3A0A24A19EAD864005E3133</string>
			</array>
			<key>isa</key>
			<string>PBXVariantGroup</string>
			<key>name</key>
			<string>LaunchScreen.xib</string>
			<key>sourceTree</key>
			<string>&lt;group&gt;</string>
		</dict>
		<key>D3A0A24A19EAD864005E3133</key>
		<dict>
			<key>isa</key>
			<string>PBXFileReference</string>
			<key>lastKnownFileType</key>
			<string>file.xib</string>
			<key>name</key>
			<string>Base</string>
			<key>path</key>
			<string>Base.lproj/LaunchScreen.xib</string>
			<key>sourceTree</key>
			<string>&lt;group&gt;</string>
		</dict>
		<key>D3A0A24B19EAD864005E3133</key>
		<dict>
			<key>fileRef</key>
			<string>D3A0A24919EAD864005E3133</string>
			<key>isa</key>
			<string>PBXBuildFile</string>
		</dict>
		<key>D3A0A24C19EAD864005E3133</key>
		<dict>
			<key>buildActionMask</key>
			<string>2147483647</string>
			<key>files</key>
			<array>
				<string>D3A0A25719EAD864005E3133</string>
			</array>
			<key>isa</key>
			<string>PBXSourcesBuildPhase</string>
			<key>runOnlyForDeploymentPostprocessing</key>
			<string>0</string>
		</dict>
		<key>D3A0A24D19EAD864005E3133</key>
		<dict>
			<key>buildActionMask</key>
			<string>2147483647</string>
			<key>files</key>
			<array/>
			<key>isa</key>
			<string>PBXFrameworksBuildPhase</string>
			<key>runOnlyForDeploymentPostprocessing</key>
			<string>0</string>
		</dict>
		<key>D3A0A24E19EAD864005E3133</key>
		<dict>
			<key>buildActionMask</key>
			<string>2147483647</string>
			<key>files</key>
			<array/>
			<key>isa</key>
			<string>PBXResourcesBuildPhase</string>
			<key>runOnlyForDeploymentPostprocessing</key>
			<string>0</string>
		</dict>
		<key>D3A0A24F19EAD864005E3133</key>
		<dict>
			<key>buildConfigurationList</key>
			<string>D3A0A25D19EAD864005E3133</string>
			<key>buildPhases</key>
			<array>
				<string>D3A0A24C19EAD864005E3133</string>
				<string>D3A0A24D19EAD864005E3133</string>
				<string>D3A0A24E19EAD864005E3133</string>
			</array>
			<key>buildRules</key>
			<array/>
			<key>dependencies</key>
			<array>
				<string>D3A0A25219EAD864005E3133</string>
			</array>
			<key>isa</key>
			<string>PBXNativeTarget</string>
			<key>name</key>
			<string>CilentTests</string>
			<key>productName</key>
			<string>CilentTests</string>
			<key>productReference</key>
			<string>D3A0A25019EAD864005E3133</string>
			<key>productType</key>
			<string>com.apple.product-type.bundle.unit-test</string>
		</dict>
		<key>D3A0A25019EAD864005E3133</key>
		<dict>
			<key>explicitFileType</key>
			<string>wrapper.cfbundle</string>
			<key>includeInIndex</key>
			<string>0</string>
			<key>isa</key>
			<string>PBXFileReference</string>
			<key>path</key>
			<string>CilentTests.xctest</string>
			<key>sourceTree</key>
			<string>BUILT_PRODUCTS_DIR</string>
		</dict>
		<key>D3A0A25119EAD864005E3133</key>
		<dict>
			<key>containerPortal</key>
			<string>D3A0A22F19EAD864005E3133</string>
			<key>isa</key>
			<string>PBXContainerItemProxy</string>
			<key>proxyType</key>
			<string>1</string>
			<key>remoteGlobalIDString</key>
			<string>D3A0A23619EAD864005E3133</string>
			<key>remoteInfo</key>
			<string>Cilent</string>
		</dict>
		<key>D3A0A25219EAD864005E3133</key>
		<dict>
			<key>isa</key>
			<string>PBXTargetDependency</string>
			<key>target</key>
			<string>D3A0A23619EAD864005E3133</string>
			<key>targetProxy</key>
			<string>D3A0A25119EAD864005E3133</string>
		</dict>
		<key>D3A0A25319EAD864005E3133</key>
		<dict>
			<key>children</key>
			<array>
				<string>D3A0A25619EAD864005E3133</string>
			</array>
			<key>isa</key>
			<string>PBXGroup</string>
			<key>path</key>
			<string>CilentTests</string>
			<key>sourceTree</key>
			<string>&lt;group&gt;</string>
		</dict>
		<key>D3A0A25419EAD864005E3133</key>
		<dict>
			<key>children</key>
			<array>
				<string>D3A0A25519EAD864005E3133</string>
			</array>
			<key>isa</key>
			<string>PBXGroup</string>
			<key>name</key>
			<string>Supporting Files</string>
			<key>path</key>
			<string>CilentTests</string>
			<key>sourceTree</key>
			<string>&lt;group&gt;</string>
		</dict>
		<key>D3A0A25519EAD864005E3133</key>
		<dict>
			<key>isa</key>
			<string>PBXFileReference</string>
			<key>lastKnownFileType</key>
			<string>text.plist.xml</string>
			<key>path</key>
			<string>Info.plist</string>
			<key>sourceTree</key>
			<string>&lt;group&gt;</string>
		</dict>
		<key>D3A0A25619EAD864005E3133</key>
		<dict>
			<key>isa</key>
			<string>PBXFileReference</string>
			<key>lastKnownFileType</key>
			<string>sourcecode.c.objc</string>
			<key>path</key>
			<string>CilentTests.m</string>
			<key>sourceTree</key>
			<string>&lt;group&gt;</string>
		</dict>
		<key>D3A0A25719EAD864005E3133</key>
		<dict>
			<key>fileRef</key>
			<string>D3A0A25619EAD864005E3133</string>
			<key>isa</key>
			<string>PBXBuildFile</string>
		</dict>
		<key>D3A0A25819EAD864005E3133</key>
		<dict>
			<key>buildSettings</key>
			<dict>
				<key>ALWAYS_SEARCH_USER_PATHS</key>
				<string>NO</string>
				<key>CLANG_CXX_LANGUAGE_STANDARD</key>
				<string>gnu++0x</string>
				<key>CLANG_CXX_LIBRARY</key>
				<string>libc++</string>
				<key>CLANG_ENABLE_MODULES</key>
				<string>YES</string>
				<key>CLANG_ENABLE_OBJC_ARC</key>
				<string>YES</string>
				<key>CLANG_WARN_BOOL_CONVERSION</key>
				<string>YES</string>
				<key>CLANG_WARN_CONSTANT_CONVERSION</key>
				<string>YES</string>
				<key>CLANG_WARN_DIRECT_OBJC_ISA_USAGE</key>
				<string>YES_ERROR</string>
				<key>CLANG_WARN_EMPTY_BODY</key>
				<string>YES</string>
				<key>CLANG_WARN_ENUM_CONVERSION</key>
				<string>YES</string>
				<key>CLANG_WARN_INT_CONVERSION</key>
				<string>YES</string>
				<key>CLANG_WARN_OBJC_ROOT_CLASS</key>
				<string>YES_ERROR</string>
				<key>CLANG_WARN_UNREACHABLE_CODE</key>
				<string>YES</string>
				<key>CLANG_WARN__DUPLICATE_METHOD_MATCH</key>
				<string>YES</string>
				<key>CODE_SIGN_IDENTITY[sdk=iphoneos*]</key>
				<string>iPhone Developer</string>
				<key>COPY_PHASE_STRIP</key>
				<string>NO</string>
				<key>ENABLE_STRICT_OBJC_MSGSEND</key>
				<string>YES</string>
				<key>GCC_C_LANGUAGE_STANDARD</key>
				<string>gnu99</string>
				<key>GCC_DYNAMIC_NO_PIC</key>
				<string>NO</string>
				<key>GCC_OPTIMIZATION_LEVEL</key>
				<string>0</string>
				<key>GCC_PREPROCESSOR_DEFINITIONS</key>
				<array>
					<string>DEBUG=1</string>
					<string>$(inherited)</string>
				</array>
				<key>GCC_SYMBOLS_PRIVATE_EXTERN</key>
				<string>NO</string>
				<key>GCC_WARN_64_TO_32_BIT_CONVERSION</key>
				<string>YES</string>
				<key>GCC_WARN_ABOUT_RETURN_TYPE</key>
				<string>YES_ERROR</string>
				<key>GCC_WARN_UNDECLARED_SELECTOR</key>
				<string>YES</string>
				<key>GCC_WARN_UNINITIALIZED_AUTOS</key>
				<string>YES_AGGRESSIVE</string>
				<key>GCC_WARN_UNUSED_FUNCTION</key>
				<string>YES</string>
				<key>GCC_WARN_UNUSED_VARIABLE</key>
				<string>YES</string>
				<key>IPHONEOS_DEPLOYMENT_TARGET</key>
				<string>8.0</string>
				<key>MTL_ENABLE_DEBUG_INFO</key>
				<string>YES</string>
				<key>ONLY_ACTIVE_ARCH</key>
				<string>YES</string>
				<key>SDKROOT</key>
				<string>iphoneos</string>
				<key>TARGETED_DEVICE_FAMILY</key>
				<string>1,2</string>
			</dict>
			<key>isa</key>
			<string>XCBuildConfiguration</string>
			<key>name</key>
			<string>Debug</string>
		</dict>
		<key>D3A0A25919EAD864005E3133</key>
		<dict>
			<key>buildSettings</key>
			<dict>
				<key>ALWAYS_SEARCH_USER_PATHS</key>
				<string>NO</string>
				<key>CLANG_CXX_LANGUAGE_STANDARD</key>
				<string>gnu++0x</string>
				<key>CLANG_CXX_LIBRARY</key>
				<string>libc++</string>
				<key>CLANG_ENABLE_MODULES</key>
				<string>YES</string>
				<key>CLANG_ENABLE_OBJC_ARC</key>
				<string>YES</string>
				<key>CLANG_WARN_BOOL_CONVERSION</key>
				<string>YES</string>
				<key>CLANG_WARN_CONSTANT_CONVERSION</key>
				<string>YES</string>
				<key>CLANG_WARN_DIRECT_OBJC_ISA_USAGE</key>
				<string>YES_ERROR</string>
				<key>CLANG_WARN_EMPTY_BODY</key>
				<string>YES</string>
				<key>CLANG_WARN_ENUM_CONVERSION</key>
				<string>YES</string>
				<key>CLANG_WARN_INT_CONVERSION</key>
				<string>YES</string>
				<key>CLANG_WARN_OBJC_ROOT_CLASS</key>
				<string>YES_ERROR</string>
				<key>CLANG_WARN_UNREACHABLE_CODE</key>
				<string>YES</string>
				<key>CLANG_WARN__DUPLICATE_METHOD_MATCH</key>
				<string>YES</string>
				<key>CODE_SIGN_IDENTITY[sdk=iphoneos*]</key>
				<string>iPhone Developer</string>
				<key>COPY_PHASE_STRIP</key>
				<string>YES</string>
				<key>ENABLE_NS_ASSERTIONS</key>
				<string>NO</string>
				<key>ENABLE_STRICT_OBJC_MSGSEND</key>
				<string>YES</string>
				<key>GCC_C_LANGUAGE_STANDARD</key>
				<string>gnu99</string>
				<key>GCC_WARN_64_TO_32_BIT_CONVERSION</key>
				<string>YES</string>
				<key>GCC_WARN_ABOUT_RETURN_TYPE</key>
				<string>YES_ERROR</string>
				<key>GCC_WARN_UNDECLARED_SELECTOR</key>
				<string>YES</string>
				<key>GCC_WARN_UNINITIALIZED_AUTOS</key>
				<string>YES_AGGRESSIVE</string>
				<key>GCC_WARN_UNUSED_FUNCTION</key>
				<string>YES</string>
				<key>GCC_WARN_UNUSED_VARIABLE</key>
				<string>YES</string>
				<key>IPHONEOS_DEPLOYMENT_TARGET</key>
				<string>8.0</string>
				<key>MTL_ENABLE_DEBUG_INFO</key>
				<string>NO</string>
				<key>SDKROOT</key>
				<string>iphoneos</string>
				<key>TARGETED_DEVICE_FAMILY</key>
				<string>1,2</string>
				<key>VALIDATE_PRODUCT</key>
				<string>YES</string>
			</dict>
			<key>isa</key>
			<string>XCBuildConfiguration</string>
			<key>name</key>
			<string>Release</string>
		</dict>
		<key>D3A0A25A19EAD864005E3133</key>
		<dict>
			<key>buildConfigurations</key>
			<array>
				<string>D3A0A25B19EAD864005E3133</string>
				<string>D3A0A25C19EAD864005E3133</string>
			</array>
			<key>defaultConfigurationIsVisible</key>
			<string>0</string>
			<key>defaultConfigurationName</key>
			<string>Release</string>
			<key>isa</key>
			<string>XCConfigurationList</string>
		</dict>
		<key>D3A0A25B19EAD864005E3133</key>
		<dict>
			<key>baseConfigurationReference</key>
			<string>1F125788D30A0912898E97B8</string>
			<key>buildSettings</key>
			<dict>
				<key>ASSETCATALOG_COMPILER_APPICON_NAME</key>
				<string>AppIcon</string>
				<key>ASSETCATALOG_COMPILER_LAUNCHIMAGE_NAME</key>
				<string>LaunchImage</string>
				<key>CODE_SIGN_IDENTITY</key>
				<string>iPhone Developer: Maaz Kamani (A689T2Y9B6)</string>
				<key>INFOPLIST_FILE</key>
				<string>Cilent/Info.plist</string>
				<key>IPHONEOS_DEPLOYMENT_TARGET</key>
				<string>8.0</string>
				<key>LD_RUNPATH_SEARCH_PATHS</key>
				<string>$(inherited) @executable_path/Frameworks</string>
				<key>PRODUCT_NAME</key>
				<string>$(TARGET_NAME)</string>
				<key>PROVISIONING_PROFILE</key>
				<string>62430c4a-75c0-49f7-9149-cfc35848718c</string>
			</dict>
			<key>isa</key>
			<string>XCBuildConfiguration</string>
			<key>name</key>
			<string>Debug</string>
		</dict>
		<key>D3A0A25C19EAD864005E3133</key>
		<dict>
			<key>baseConfigurationReference</key>
			<string>353C81AC202DE83A741B7C24</string>
			<key>buildSettings</key>
			<dict>
				<key>ASSETCATALOG_COMPILER_APPICON_NAME</key>
				<string>AppIcon</string>
				<key>ASSETCATALOG_COMPILER_LAUNCHIMAGE_NAME</key>
				<string>LaunchImage</string>
				<key>CODE_SIGN_IDENTITY</key>
				<string>iPhone Distribution: Maaz Kamani (GZE5TX6NML)</string>
				<key>INFOPLIST_FILE</key>
				<string>Cilent/Info.plist</string>
				<key>IPHONEOS_DEPLOYMENT_TARGET</key>
				<string>8.0</string>
				<key>LD_RUNPATH_SEARCH_PATHS</key>
				<string>$(inherited) @executable_path/Frameworks</string>
				<key>PRODUCT_NAME</key>
				<string>$(TARGET_NAME)</string>
				<key>PROVISIONING_PROFILE</key>
				<string>0bf77165-9a1b-4eb8-b651-5d20a58a29fa</string>
			</dict>
			<key>isa</key>
			<string>XCBuildConfiguration</string>
			<key>name</key>
			<string>Release</string>
		</dict>
		<key>D3A0A25D19EAD864005E3133</key>
		<dict>
			<key>buildConfigurations</key>
			<array>
				<string>D3A0A25E19EAD864005E3133</string>
				<string>D3A0A25F19EAD864005E3133</string>
			</array>
			<key>defaultConfigurationIsVisible</key>
			<string>0</string>
			<key>defaultConfigurationName</key>
			<string>Release</string>
			<key>isa</key>
			<string>XCConfigurationList</string>
		</dict>
		<key>D3A0A25E19EAD864005E3133</key>
		<dict>
			<key>buildSettings</key>
			<dict>
				<key>BUNDLE_LOADER</key>
				<string>$(TEST_HOST)</string>
				<key>FRAMEWORK_SEARCH_PATHS</key>
				<array>
					<string>$(SDKROOT)/Developer/Library/Frameworks</string>
					<string>$(inherited)</string>
				</array>
				<key>GCC_PREPROCESSOR_DEFINITIONS</key>
				<array>
					<string>DEBUG=1</string>
					<string>$(inherited)</string>
				</array>
				<key>INFOPLIST_FILE</key>
				<string>CilentTests/Info.plist</string>
				<key>LD_RUNPATH_SEARCH_PATHS</key>
				<string>$(inherited) @executable_path/Frameworks @loader_path/Frameworks</string>
				<key>PRODUCT_NAME</key>
				<string>$(TARGET_NAME)</string>
				<key>TEST_HOST</key>
				<string>$(BUILT_PRODUCTS_DIR)/Cilent.app/Cilent</string>
			</dict>
			<key>isa</key>
			<string>XCBuildConfiguration</string>
			<key>name</key>
			<string>Debug</string>
		</dict>
		<key>D3A0A25F19EAD864005E3133</key>
		<dict>
			<key>buildSettings</key>
			<dict>
				<key>BUNDLE_LOADER</key>
				<string>$(TEST_HOST)</string>
				<key>FRAMEWORK_SEARCH_PATHS</key>
				<array>
					<string>$(SDKROOT)/Developer/Library/Frameworks</string>
					<string>$(inherited)</string>
				</array>
				<key>INFOPLIST_FILE</key>
				<string>CilentTests/Info.plist</string>
				<key>LD_RUNPATH_SEARCH_PATHS</key>
				<string>$(inherited) @executable_path/Frameworks @loader_path/Frameworks</string>
				<key>PRODUCT_NAME</key>
				<string>$(TARGET_NAME)</string>
				<key>TEST_HOST</key>
				<string>$(BUILT_PRODUCTS_DIR)/Cilent.app/Cilent</string>
			</dict>
			<key>isa</key>
			<string>XCBuildConfiguration</string>
			<key>name</key>
			<string>Release</string>
		</dict>
		<key>D3A0A26019EB1EA6005E3133</key>
		<dict>
			<key>fileEncoding</key>
			<string>4</string>
			<key>isa</key>
			<string>PBXFileReference</string>
			<key>lastKnownFileType</key>
			<string>sourcecode.c.h</string>
			<key>path</key>
			<string>TutorialPageViewController.h</string>
			<key>sourceTree</key>
			<string>&lt;group&gt;</string>
		</dict>
		<key>D3A0A26119EB1EA6005E3133</key>
		<dict>
			<key>fileEncoding</key>
			<string>4</string>
			<key>isa</key>
			<string>PBXFileReference</string>
			<key>lastKnownFileType</key>
			<string>sourcecode.c.objc</string>
			<key>path</key>
			<string>TutorialPageViewController.m</string>
			<key>sourceTree</key>
			<string>&lt;group&gt;</string>
		</dict>
		<key>D3A0A26219EB1EA6005E3133</key>
		<dict>
			<key>fileRef</key>
			<string>D3A0A26119EB1EA6005E3133</string>
			<key>isa</key>
			<string>PBXBuildFile</string>
		</dict>
		<key>D3A0A26319EB2325005E3133</key>
		<dict>
			<key>children</key>
			<array>
				<string>D3A0A26419EB25BB005E3133</string>
				<string>D3A0A26519EB25BB005E3133</string>
				<string>D3A0A26019EB1EA6005E3133</string>
				<string>D3A0A26119EB1EA6005E3133</string>
			</array>
			<key>isa</key>
			<string>PBXGroup</string>
			<key>name</key>
			<string>TutorialIntro</string>
			<key>sourceTree</key>
			<string>&lt;group&gt;</string>
		</dict>
		<key>D3A0A26419EB25BB005E3133</key>
		<dict>
			<key>fileEncoding</key>
			<string>4</string>
			<key>isa</key>
			<string>PBXFileReference</string>
			<key>lastKnownFileType</key>
			<string>sourcecode.c.h</string>
			<key>path</key>
			<string>TutorialChildViewController.h</string>
			<key>sourceTree</key>
			<string>&lt;group&gt;</string>
		</dict>
		<key>D3A0A26519EB25BB005E3133</key>
		<dict>
			<key>fileEncoding</key>
			<string>4</string>
			<key>isa</key>
			<string>PBXFileReference</string>
			<key>lastKnownFileType</key>
			<string>sourcecode.c.objc</string>
			<key>path</key>
			<string>TutorialChildViewController.m</string>
			<key>sourceTree</key>
			<string>&lt;group&gt;</string>
		</dict>
		<key>D3A0A26619EB25BB005E3133</key>
		<dict>
			<key>fileRef</key>
			<string>D3A0A26519EB25BB005E3133</string>
			<key>isa</key>
			<string>PBXBuildFile</string>
		</dict>
		<key>D3B92AC61A0FEA0300E7A775</key>
		<dict>
			<key>isa</key>
			<string>PBXFileReference</string>
			<key>lastKnownFileType</key>
			<string>wrapper.framework</string>
			<key>name</key>
			<string>MediaPlayer.framework</string>
			<key>path</key>
			<string>System/Library/Frameworks/MediaPlayer.framework</string>
			<key>sourceTree</key>
			<string>SDKROOT</string>
		</dict>
		<key>D3EC26851A2D66E8001ED16F</key>
		<dict>
			<key>children</key>
			<array>
				<string>D3EC26861A2D672C001ED16F</string>
				<string>D3EC26871A2D672C001ED16F</string>
			</array>
			<key>isa</key>
			<string>PBXGroup</string>
			<key>name</key>
			<string>Entities</string>
			<key>sourceTree</key>
			<string>&lt;group&gt;</string>
		</dict>
		<key>D3EC26861A2D672C001ED16F</key>
		<dict>
			<key>fileEncoding</key>
			<string>4</string>
			<key>isa</key>
			<string>PBXFileReference</string>
			<key>lastKnownFileType</key>
			<string>sourcecode.c.h</string>
			<key>path</key>
			<string>Place.h</string>
			<key>sourceTree</key>
			<string>&lt;group&gt;</string>
		</dict>
		<key>D3EC26871A2D672C001ED16F</key>
		<dict>
			<key>fileEncoding</key>
			<string>4</string>
			<key>isa</key>
			<string>PBXFileReference</string>
			<key>lastKnownFileType</key>
			<string>sourcecode.c.objc</string>
			<key>path</key>
			<string>Place.m</string>
			<key>sourceTree</key>
			<string>&lt;group&gt;</string>
		</dict>
		<key>D3EC26881A2D672C001ED16F</key>
		<dict>
			<key>fileRef</key>
			<string>D3EC26871A2D672C001ED16F</string>
			<key>isa</key>
			<string>PBXBuildFile</string>
		</dict>
		<key>D3F2F83919FD6BAC00636550</key>
		<dict>
			<key>isa</key>
			<string>PBXFileReference</string>
			<key>lastKnownFileType</key>
			<string>wrapper.framework</string>
			<key>name</key>
			<string>CoreLocation.framework</string>
			<key>path</key>
			<string>System/Library/Frameworks/CoreLocation.framework</string>
			<key>sourceTree</key>
			<string>SDKROOT</string>
		</dict>
		<key>D3F2F83A19FD6BAC00636550</key>
		<dict>
			<key>fileRef</key>
			<string>D3F2F83919FD6BAC00636550</string>
			<key>isa</key>
			<string>PBXBuildFile</string>
		</dict>
	</dict>
	<key>rootObject</key>
	<string>D3A0A22F19EAD864005E3133</string>
</dict>
</plist>
